
Microsoft Visual Studio Solution File, Format Version 12.00
# Visual Studio 15
VisualStudioVersion = 15.0.27703.2018
MinimumVisualStudioVersion = 10.0.40219.1
Project("{FAE04EC0-301F-11D3-BF4B-00C04F79EFBC}") = "HSE.SD.Lab1", "HSE.SD.Lab1\HSE.SD.Lab1.csproj", "{BE8B2D5A-F5EA-406C-9F61-925C970375E3}"
EndProject
Global
	GlobalSection(SolutionConfigurationPlatforms) = preSolution
		Debug|Any CPU = Debug|Any CPU
		Release|Any CPU = Release|Any CPU
	EndGlobalSection
	GlobalSection(ProjectConfigurationPlatforms) = postSolution
		{BE8B2D5A-F5EA-406C-9F61-925C970375E3}.Debug|Any CPU.ActiveCfg = Debug|Any CPU
		{BE8B2D5A-F5EA-406C-9F61-925C970375E3}.Debug|Any CPU.Build.0 = Debug|Any CPU
		{BE8B2D5A-F5EA-406C-9F61-925C970375E3}.Release|Any CPU.ActiveCfg = Release|Any CPU
		{BE8B2D5A-F5EA-406C-9F61-925C970375E3}.Release|Any CPU.Build.0 = Release|Any CPU
	EndGlobalSection
	GlobalSection(SolutionProperties) = preSolution
		HideSolutionNode = FALSE
	EndGlobalSection
	GlobalSection(ExtensibilityGlobals) = postSolution
		SolutionGuid = {F585F9D3-BDFD-4B62-A37E-13762E67F78F}
	EndGlobalSection
EndGlobal
